
Microsoft Visual Studio Solution File, Format Version 12.00
# Visual Studio 2013
VisualStudioVersion = 12.0.30723.0
MinimumVisualStudioVersion = 10.0.40219.1
Project("{FAE04EC0-301F-11D3-BF4B-00C04F79EFBC}") = "FacebookAPI", "FacebookAPI\FacebookAPI.csproj", "{AE6E405E-C15A-400D-86E6-B64200E1E150}"
EndProject
Project("{FAE04EC0-301F-11D3-BF4B-00C04F79EFBC}") = "FacebookChatBot", "FacebookChatBot\FacebookChatBot.csproj", "{136008B6-EF6E-4BF0-9A0B-8FC3B3D811CA}"
EndProject
Global
	GlobalSection(SolutionConfigurationPlatforms) = preSolution
		Debug|Any CPU = Debug|Any CPU
		Release|Any CPU = Release|Any CPU
	EndGlobalSection
	GlobalSection(ProjectConfigurationPlatforms) = postSolution
		{AE6E405E-C15A-400D-86E6-B64200E1E150}.Debug|Any CPU.ActiveCfg = Debug|Any CPU
		{AE6E405E-C15A-400D-86E6-B64200E1E150}.Debug|Any CPU.Build.0 = Debug|Any CPU
		{AE6E405E-C15A-400D-86E6-B64200E1E150}.Release|Any CPU.ActiveCfg = Release|Any CPU
		{AE6E405E-C15A-400D-86E6-B64200E1E150}.Release|Any CPU.Build.0 = Release|Any CPU
		{136008B6-EF6E-4BF0-9A0B-8FC3B3D811CA}.Debug|Any CPU.ActiveCfg = Debug|Any CPU
		{136008B6-EF6E-4BF0-9A0B-8FC3B3D811CA}.Debug|Any CPU.Build.0 = Debug|Any CPU
		{136008B6-EF6E-4BF0-9A0B-8FC3B3D811CA}.Release|Any CPU.ActiveCfg = Release|Any CPU
		{136008B6-EF6E-4BF0-9A0B-8FC3B3D811CA}.Release|Any CPU.Build.0 = Release|Any CPU
	EndGlobalSection
	GlobalSection(SolutionProperties) = preSolution
		HideSolutionNode = FALSE
	EndGlobalSection
EndGlobal
